PODS:
  - CollectionModelAnimation (0.0.2):
    - CollectionModelCore (~> 0)
    - DifferenceKit (= 1.1.5)
  - CollectionModelCore (0.2.0)
  - DifferenceKit (1.1.5):
    - DifferenceKit/Core (= 1.1.5)
    - DifferenceKit/UIKitExtension (= 1.1.5)
  - DifferenceKit/Core (1.1.5)
  - DifferenceKit/UIKitExtension (1.1.5):
    - DifferenceKit/Core

DEPENDENCIES:
  - CollectionModelAnimation (from `../`)
  - CollectionModelCore (from `../`)

SPEC REPOS:
  trunk:
    - DifferenceKit

EXTERNAL SOURCES:
  CollectionModelAnimation:
    :path: "../"
  CollectionModelCore:
    :path: "../"

SPEC CHECKSUMS:
  CollectionModelAnimation: 463beaec0e6b9fecc2bb2477ce173555aae56d3d
  CollectionModelCore: be473be501edf279e92c287de823452ab0f29934
  DifferenceKit: 516f12e336ed65a3a0665847b5c3cb5cad4bd4ea

PODFILE CHECKSUM: 2e0645168bd3e1920ffe8e757fc854c96ae2ebfc

COCOAPODS: 1.8.4
