PODS:
  - CollectionModelCore (0.0.1)

DEPENDENCIES:
  - CollectionModelCore (from `../`)

EXTERNAL SOURCES:
  CollectionModelCore:
    :path: "../"

SPEC CHECKSUMS:
  CollectionModelCore: 99f1f509be907ed7aa13dc651409c4d81ba2e828

PODFILE CHECKSUM: ac00d520c25dda25dea9f6676d76ca1fce6437d4

COCOAPODS: 1.8.4
