PODS:
  - CollectionModelCore (0.0.1)

DEPENDENCIES:
  - CollectionModelCore (from `../`)

EXTERNAL SOURCES:
  CollectionModelCore:
    :path: "../"

SPEC CHECKSUMS:
  CollectionModelCore: 5a1a01dbfd89814434b205affbe3622a83456f27

PODFILE CHECKSUM: ac00d520c25dda25dea9f6676d76ca1fce6437d4

COCOAPODS: 1.8.4
