// !$*UTF8*$!
{
	archiveVersion = 1;
	classes = {
	};
	objectVersion = 46;
	objects = {

/* Begin PBXBuildFile section */
		4A1868D529DFE359FC4AF211 /* Pods_CollectionModel_Tests.framework in Frameworks */ = {isa = PBXBuildFile; fileRef = C02ED2EA2B8C06AFB1C640C4 /* Pods_CollectionModel_Tests.framework */; };
		607FACD61AFB9204008FA782 /* AppDelegate.swift in Sources */ = {isa = PBXBuildFile; fileRef = 607FACD51AFB9204008FA782 /* AppDelegate.swift */; };
		607FACD81AFB9204008FA782 /* MainViewController.swift in Sources */ = {isa = PBXBuildFile; fileRef = 607FACD71AFB9204008FA782 /* MainViewController.swift */; };
		607FACDD1AFB9204008FA782 /* Images.xcassets in Resources */ = {isa = PBXBuildFile; fileRef = 607FACDC1AFB9204008FA782 /* Images.xcassets */; };
		607FACE01AFB9204008FA782 /* LaunchScreen.xib in Resources */ = {isa = PBXBuildFile; fileRef = 607FACDE1AFB9204008FA782 /* LaunchScreen.xib */; };
		607FACEC1AFB9204008FA782 /* CollectionViewModelDeclarativeFunctionBuilderTest.swift in Sources */ = {isa = PBXBuildFile; fileRef = 607FACEB1AFB9204008FA782 /* CollectionViewModelDeclarativeFunctionBuilderTest.swift */; };
		6706A6BDB4C3D396A44F8BCE /* Pods_CollectionModel_Example.framework in Frameworks */ = {isa = PBXBuildFile; fileRef = 700DBCB10C0FE5C2C51D7FB7 /* Pods_CollectionModel_Example.framework */; };
		92317AE824FCF0C700392206 /* TableViewModelDeclarativeFunctionBuilderTest.swift in Sources */ = {isa = PBXBuildFile; fileRef = 92317AE624FCF0A800392206 /* TableViewModelDeclarativeFunctionBuilderTest.swift */; };
		92317AEA24FCF76E00392206 /* CollectionViewModelEntityFunctionBuilderTest.swift in Sources */ = {isa = PBXBuildFile; fileRef = 92317AE924FCF76E00392206 /* CollectionViewModelEntityFunctionBuilderTest.swift */; };
		92317AEC24FCF93C00392206 /* TableViewModelEntityFunctionBuilderTest.swift in Sources */ = {isa = PBXBuildFile; fileRef = 92317AEB24FCF93C00392206 /* TableViewModelEntityFunctionBuilderTest.swift */; };
		92530996242E1148001875B3 /* CollectionViewController.swift in Sources */ = {isa = PBXBuildFile; fileRef = 92530995242E1148001875B3 /* CollectionViewController.swift */; };
		92530998242E1168001875B3 /* EmptyInit.swift in Sources */ = {isa = PBXBuildFile; fileRef = 92530997242E1168001875B3 /* EmptyInit.swift */; };
		9253099B242E11F6001875B3 /* SimpleCollectionViewDataSource.swift in Sources */ = {isa = PBXBuildFile; fileRef = 9253099A242E11F6001875B3 /* SimpleCollectionViewDataSource.swift */; };
		927B9F20240978F100AA4FD1 /* UIView+Layout.swift in Sources */ = {isa = PBXBuildFile; fileRef = 927B9F1F240978F100AA4FD1 /* UIView+Layout.swift */; };
		927B9F2224097C2500AA4FD1 /* UIEdgeInsets.swift in Sources */ = {isa = PBXBuildFile; fileRef = 927B9F2124097C2500AA4FD1 /* UIEdgeInsets.swift */; };
		927DC4E2243C994F004A3673 /* AnimatedTableViewDataSource.swift in Sources */ = {isa = PBXBuildFile; fileRef = 927DC4E1243C994F004A3673 /* AnimatedTableViewDataSource.swift */; };
		927DC4E4243C99AF004A3673 /* AnimatableTableViewCell.swift in Sources */ = {isa = PBXBuildFile; fileRef = 927DC4E3243C99AF004A3673 /* AnimatableTableViewCell.swift */; };
		927DC4E6243C9A58004A3673 /* AnimatableTableViewCellModel.swift in Sources */ = {isa = PBXBuildFile; fileRef = 927DC4E5243C9A58004A3673 /* AnimatableTableViewCellModel.swift */; };
		927DC4EC243CBD34004A3673 /* AnimatedCollectionViewDataSource.swift in Sources */ = {isa = PBXBuildFile; fileRef = 927DC4EB243CBD34004A3673 /* AnimatedCollectionViewDataSource.swift */; };
		927DC4EE243DF1BB004A3673 /* AnimatableCollectionViewCell.swift in Sources */ = {isa = PBXBuildFile; fileRef = 927DC4ED243DF1BB004A3673 /* AnimatableCollectionViewCell.swift */; };
		927DC4F0243DF1C9004A3673 /* AnimatableCollectionViewCellModel.swift in Sources */ = {isa = PBXBuildFile; fileRef = 927DC4EF243DF1C9004A3673 /* AnimatableCollectionViewCellModel.swift */; };
		9281A9A62417A2EF00F732AA /* SmoothDeselection.swift in Sources */ = {isa = PBXBuildFile; fileRef = 9281A9A52417A2EF00F732AA /* SmoothDeselection.swift */; };
		9281A9A92417A72700F732AA /* TableViewController.swift in Sources */ = {isa = PBXBuildFile; fileRef = 9281A9A82417A72700F732AA /* TableViewController.swift */; };
		9281A9AC2417A8BD00F732AA /* SimpleTableViewDataSource.swift in Sources */ = {isa = PBXBuildFile; fileRef = 9281A9AB2417A8BD00F732AA /* SimpleTableViewDataSource.swift */; };
		9281A9AF2417A93700F732AA /* ATableViewCell.swift in Sources */ = {isa = PBXBuildFile; fileRef = 9281A9AD2417A93700F732AA /* ATableViewCell.swift */; };
		9281A9B02417A93700F732AA /* ATableViewCellModel.swift in Sources */ = {isa = PBXBuildFile; fileRef = 9281A9AE2417A93700F732AA /* ATableViewCellModel.swift */; };
		9281A9B22417ABA300F732AA /* BTableViewCell.swift in Sources */ = {isa = PBXBuildFile; fileRef = 9281A9B12417ABA300F732AA /* BTableViewCell.swift */; };
		9281A9B42417ABE200F732AA /* BTableViewCellModel.swift in Sources */ = {isa = PBXBuildFile; fileRef = 9281A9B32417ABE200F732AA /* BTableViewCellModel.swift */; };
		9281A9B62417ACE500F732AA /* MultipleCellTypesTableViewDataSource.swift in Sources */ = {isa = PBXBuildFile; fileRef = 9281A9B52417ACE500F732AA /* MultipleCellTypesTableViewDataSource.swift */; };
		9281A9B82417B23700F732AA /* MultipleHeaderFooterTypesTableViewDataSource.swift in Sources */ = {isa = PBXBuildFile; fileRef = 9281A9B72417B23700F732AA /* MultipleHeaderFooterTypesTableViewDataSource.swift */; };
		9281A9BA2417B2BE00F732AA /* ATableViewHeaderFooterView.swift in Sources */ = {isa = PBXBuildFile; fileRef = 9281A9B92417B2BE00F732AA /* ATableViewHeaderFooterView.swift */; };
		9281A9BC2417C58D00F732AA /* ATableViewHeaderFooterViewModel.swift in Sources */ = {isa = PBXBuildFile; fileRef = 9281A9BB2417C58D00F732AA /* ATableViewHeaderFooterViewModel.swift */; };
		9281A9BE2417C61A00F732AA /* BTableViewHeaderFooterViewModel.swift in Sources */ = {isa = PBXBuildFile; fileRef = 9281A9BD2417C61A00F732AA /* BTableViewHeaderFooterViewModel.swift */; };
		9281A9C02417C62300F732AA /* BTableViewHeaderFooterView.swift in Sources */ = {isa = PBXBuildFile; fileRef = 9281A9BF2417C62300F732AA /* BTableViewHeaderFooterView.swift */; };
		92938401243337A600F138C7 /* MultipleCellTypesCollectionViewDataSource.swift in Sources */ = {isa = PBXBuildFile; fileRef = 92938400243337A600F138C7 /* MultipleCellTypesCollectionViewDataSource.swift */; };
		929384032433389400F138C7 /* BCollectionViewCell.swift in Sources */ = {isa = PBXBuildFile; fileRef = 929384022433389400F138C7 /* BCollectionViewCell.swift */; };
		92938405243338B400F138C7 /* BCollectionViewCellModel.swift in Sources */ = {isa = PBXBuildFile; fileRef = 92938404243338B400F138C7 /* BCollectionViewCellModel.swift */; };
		92938407243339B600F138C7 /* MultipleSuplementaryViewTypesCollectionViewDataSource.swift in Sources */ = {isa = PBXBuildFile; fileRef = 92938406243339B600F138C7 /* MultipleSuplementaryViewTypesCollectionViewDataSource.swift */; };
		9293840A24333A3100F138C7 /* ACollectionViewSupplementaryView.swift in Sources */ = {isa = PBXBuildFile; fileRef = 9293840924333A3100F138C7 /* ACollectionViewSupplementaryView.swift */; };
		9293840C24333BDF00F138C7 /* ACollectionViewSupplementaryViewModel.swift in Sources */ = {isa = PBXBuildFile; fileRef = 9293840B24333BDF00F138C7 /* ACollectionViewSupplementaryViewModel.swift */; };
		9293840E243340B400F138C7 /* BCollectionViewSupplementaryView.swift in Sources */ = {isa = PBXBuildFile; fileRef = 9293840D243340B400F138C7 /* BCollectionViewSupplementaryView.swift */; };
		92938410243340C000F138C7 /* BCollectionViewSupplementaryViewModel.swift in Sources */ = {isa = PBXBuildFile; fileRef = 9293840F243340C000F138C7 /* BCollectionViewSupplementaryViewModel.swift */; };
		92943341240584030057D6CD /* MainViewControllerDataSource.swift in Sources */ = {isa = PBXBuildFile; fileRef = 92943340240584030057D6CD /* MainViewControllerDataSource.swift */; };
		92EE79FC24332D6F00B01D52 /* CollectionViewContent.swift in Sources */ = {isa = PBXBuildFile; fileRef = 92EE79FB24332D6F00B01D52 /* CollectionViewContent.swift */; };
		92EE79FE24332EE300B01D52 /* RegisterableView.swift in Sources */ = {isa = PBXBuildFile; fileRef = 92EE79FD24332EE300B01D52 /* RegisterableView.swift */; };
		92EE7A0024332FCB00B01D52 /* TableViewContent.swift in Sources */ = {isa = PBXBuildFile; fileRef = 92EE79FF24332FCB00B01D52 /* TableViewContent.swift */; };
		92EE7A042433352900B01D52 /* ACollectionViewCell.swift in Sources */ = {isa = PBXBuildFile; fileRef = 92EE7A032433352900B01D52 /* ACollectionViewCell.swift */; };
		92EE7A062433354D00B01D52 /* ACollectionViewCellModel.swift in Sources */ = {isa = PBXBuildFile; fileRef = 92EE7A052433354D00B01D52 /* ACollectionViewCellModel.swift */; };
/* End PBXBuildFile section */

/* Begin PBXContainerItemProxy section */
		607FACE61AFB9204008FA782 /* PBXContainerItemProxy */ = {
			isa = PBXContainerItemProxy;
			containerPortal = 607FACC81AFB9204008FA782 /* Project object */;
			proxyType = 1;
			remoteGlobalIDString = 607FACCF1AFB9204008FA782;
			remoteInfo = CollectionModel;
		};
/* End PBXContainerItemProxy section */

/* Begin PBXFileReference section */
		0C0C2CAF118D25F2DC9A164B /* CollectionModel.podspec */ = {isa = PBXFileReference; includeInIndex = 1; lastKnownFileType = text; name = CollectionModel.podspec; path = ../CollectionModel.podspec; sourceTree = "<group>"; };
		14F8470438F99017BB5F5939 /* Pods-CollectionModel_Example.debug.xcconfig */ = {isa = PBXFileReference; includeInIndex = 1; lastKnownFileType = text.xcconfig; name = "Pods-CollectionModel_Example.debug.xcconfig"; path = "Target Support Files/Pods-CollectionModel_Example/Pods-CollectionModel_Example.debug.xcconfig"; sourceTree = "<group>"; };
		17BD14AAD5B3E6CB28550DCB /* Pods-CollectionModel_Tests.debug.xcconfig */ = {isa = PBXFileReference; includeInIndex = 1; lastKnownFileType = text.xcconfig; name = "Pods-CollectionModel_Tests.debug.xcconfig"; path = "Target Support Files/Pods-CollectionModel_Tests/Pods-CollectionModel_Tests.debug.xcconfig"; sourceTree = "<group>"; };
		2909BF476FD2DBD49AD9963C /* Pods-CollectionModel_Example.release.xcconfig */ = {isa = PBXFileReference; includeInIndex = 1; lastKnownFileType = text.xcconfig; name = "Pods-CollectionModel_Example.release.xcconfig"; path = "Target Support Files/Pods-CollectionModel_Example/Pods-CollectionModel_Example.release.xcconfig"; sourceTree = "<group>"; };
		607FACD01AFB9204008FA782 /* CollectionModel_Example.app */ = {isa = PBXFileReference; explicitFileType = wrapper.application; includeInIndex = 0; path = CollectionModel_Example.app; sourceTree = BUILT_PRODUCTS_DIR; };
		607FACD41AFB9204008FA782 /* Info.plist */ = {isa = PBXFileReference; lastKnownFileType = text.plist.xml; path = Info.plist; sourceTree = "<group>"; };
		607FACD51AFB9204008FA782 /* AppDelegate.swift */ = {isa = PBXFileReference; lastKnownFileType = sourcecode.swift; path = AppDelegate.swift; sourceTree = "<group>"; };
		607FACD71AFB9204008FA782 /* MainViewController.swift */ = {isa = PBXFileReference; lastKnownFileType = sourcecode.swift; path = MainViewController.swift; sourceTree = "<group>"; };
		607FACDC1AFB9204008FA782 /* Images.xcassets */ = {isa = PBXFileReference; lastKnownFileType = folder.assetcatalog; path = Images.xcassets; sourceTree = "<group>"; };
		607FACDF1AFB9204008FA782 /* Base */ = {isa = PBXFileReference; lastKnownFileType = file.xib; name = Base; path = Base.lproj/LaunchScreen.xib; sourceTree = "<group>"; };
		607FACE51AFB9204008FA782 /* CollectionModel_Tests.xctest */ = {isa = PBXFileReference; explicitFileType = wrapper.cfbundle; includeInIndex = 0; path = CollectionModel_Tests.xctest; sourceTree = BUILT_PRODUCTS_DIR; };
		607FACEA1AFB9204008FA782 /* Info.plist */ = {isa = PBXFileReference; lastKnownFileType = text.plist.xml; path = Info.plist; sourceTree = "<group>"; };
		607FACEB1AFB9204008FA782 /* CollectionViewModelDeclarativeFunctionBuilderTest.swift */ = {isa = PBXFileReference; lastKnownFileType = sourcecode.swift; path = CollectionViewModelDeclarativeFunctionBuilderTest.swift; sourceTree = "<group>"; };
		700DBCB10C0FE5C2C51D7FB7 /* Pods_CollectionModel_Example.framework */ = {isa = PBXFileReference; explicitFileType = wrapper.framework; includeInIndex = 0; path = Pods_CollectionModel_Example.framework; sourceTree = BUILT_PRODUCTS_DIR; };
		703B9C877E9728146860AD24 /* README.md */ = {isa = PBXFileReference; includeInIndex = 1; lastKnownFileType = net.daringfireball.markdown; name = README.md; path = ../README.md; sourceTree = "<group>"; };
		8180F99D8EBB89EF479440D9 /* LICENSE */ = {isa = PBXFileReference; includeInIndex = 1; lastKnownFileType = text; name = LICENSE; path = ../LICENSE; sourceTree = "<group>"; };
		92317AE624FCF0A800392206 /* TableViewModelDeclarativeFunctionBuilderTest.swift */ = {isa = PBXFileReference; lastKnownFileType = sourcecode.swift; path = TableViewModelDeclarativeFunctionBuilderTest.swift; sourceTree = "<group>"; };
		92317AE924FCF76E00392206 /* CollectionViewModelEntityFunctionBuilderTest.swift */ = {isa = PBXFileReference; lastKnownFileType = sourcecode.swift; path = CollectionViewModelEntityFunctionBuilderTest.swift; sourceTree = "<group>"; };
		92317AEB24FCF93C00392206 /* TableViewModelEntityFunctionBuilderTest.swift */ = {isa = PBXFileReference; lastKnownFileType = sourcecode.swift; path = TableViewModelEntityFunctionBuilderTest.swift; sourceTree = "<group>"; };
		92530995242E1148001875B3 /* CollectionViewController.swift */ = {isa = PBXFileReference; lastKnownFileType = sourcecode.swift; path = CollectionViewController.swift; sourceTree = "<group>"; };
		92530997242E1168001875B3 /* EmptyInit.swift */ = {isa = PBXFileReference; lastKnownFileType = sourcecode.swift; path = EmptyInit.swift; sourceTree = "<group>"; };
		9253099A242E11F6001875B3 /* SimpleCollectionViewDataSource.swift */ = {isa = PBXFileReference; lastKnownFileType = sourcecode.swift; path = SimpleCollectionViewDataSource.swift; sourceTree = "<group>"; };
		927B9F1F240978F100AA4FD1 /* UIView+Layout.swift */ = {isa = PBXFileReference; lastKnownFileType = sourcecode.swift; path = "UIView+Layout.swift"; sourceTree = "<group>"; };
		927B9F2124097C2500AA4FD1 /* UIEdgeInsets.swift */ = {isa = PBXFileReference; lastKnownFileType = sourcecode.swift; path = UIEdgeInsets.swift; sourceTree = "<group>"; };
		927DC4E1243C994F004A3673 /* AnimatedTableViewDataSource.swift */ = {isa = PBXFileReference; lastKnownFileType = sourcecode.swift; path = AnimatedTableViewDataSource.swift; sourceTree = "<group>"; };
		927DC4E3243C99AF004A3673 /* AnimatableTableViewCell.swift */ = {isa = PBXFileReference; lastKnownFileType = sourcecode.swift; path = AnimatableTableViewCell.swift; sourceTree = "<group>"; };
		927DC4E5243C9A58004A3673 /* AnimatableTableViewCellModel.swift */ = {isa = PBXFileReference; lastKnownFileType = sourcecode.swift; path = AnimatableTableViewCellModel.swift; sourceTree = "<group>"; };
		927DC4EB243CBD34004A3673 /* AnimatedCollectionViewDataSource.swift */ = {isa = PBXFileReference; lastKnownFileType = sourcecode.swift; path = AnimatedCollectionViewDataSource.swift; sourceTree = "<group>"; };
		927DC4ED243DF1BB004A3673 /* AnimatableCollectionViewCell.swift */ = {isa = PBXFileReference; lastKnownFileType = sourcecode.swift; path = AnimatableCollectionViewCell.swift; sourceTree = "<group>"; };
		927DC4EF243DF1C9004A3673 /* AnimatableCollectionViewCellModel.swift */ = {isa = PBXFileReference; lastKnownFileType = sourcecode.swift; path = AnimatableCollectionViewCellModel.swift; sourceTree = "<group>"; };
		9281A9A52417A2EF00F732AA /* SmoothDeselection.swift */ = {isa = PBXFileReference; lastKnownFileType = sourcecode.swift; path = SmoothDeselection.swift; sourceTree = "<group>"; };
		9281A9A82417A72700F732AA /* TableViewController.swift */ = {isa = PBXFileReference; lastKnownFileType = sourcecode.swift; path = TableViewController.swift; sourceTree = "<group>"; };
		9281A9AB2417A8BD00F732AA /* SimpleTableViewDataSource.swift */ = {isa = PBXFileReference; lastKnownFileType = sourcecode.swift; path = SimpleTableViewDataSource.swift; sourceTree = "<group>"; };
		9281A9AD2417A93700F732AA /* ATableViewCell.swift */ = {isa = PBXFileReference; fileEncoding = 4; lastKnownFileType = sourcecode.swift; path = ATableViewCell.swift; sourceTree = "<group>"; };
		9281A9AE2417A93700F732AA /* ATableViewCellModel.swift */ = {isa = PBXFileReference; fileEncoding = 4; lastKnownFileType = sourcecode.swift; path = ATableViewCellModel.swift; sourceTree = "<group>"; };
		9281A9B12417ABA300F732AA /* BTableViewCell.swift */ = {isa = PBXFileReference; lastKnownFileType = sourcecode.swift; path = BTableViewCell.swift; sourceTree = "<group>"; };
		9281A9B32417ABE200F732AA /* BTableViewCellModel.swift */ = {isa = PBXFileReference; lastKnownFileType = sourcecode.swift; path = BTableViewCellModel.swift; sourceTree = "<group>"; };
		9281A9B52417ACE500F732AA /* MultipleCellTypesTableViewDataSource.swift */ = {isa = PBXFileReference; lastKnownFileType = sourcecode.swift; path = MultipleCellTypesTableViewDataSource.swift; sourceTree = "<group>"; };
		9281A9B72417B23700F732AA /* MultipleHeaderFooterTypesTableViewDataSource.swift */ = {isa = PBXFileReference; lastKnownFileType = sourcecode.swift; path = MultipleHeaderFooterTypesTableViewDataSource.swift; sourceTree = "<group>"; };
		9281A9B92417B2BE00F732AA /* ATableViewHeaderFooterView.swift */ = {isa = PBXFileReference; lastKnownFileType = sourcecode.swift; path = ATableViewHeaderFooterView.swift; sourceTree = "<group>"; };
		9281A9BB2417C58D00F732AA /* ATableViewHeaderFooterViewModel.swift */ = {isa = PBXFileReference; lastKnownFileType = sourcecode.swift; path = ATableViewHeaderFooterViewModel.swift; sourceTree = "<group>"; };
		9281A9BD2417C61A00F732AA /* BTableViewHeaderFooterViewModel.swift */ = {isa = PBXFileReference; lastKnownFileType = sourcecode.swift; path = BTableViewHeaderFooterViewModel.swift; sourceTree = "<group>"; };
		9281A9BF2417C62300F732AA /* BTableViewHeaderFooterView.swift */ = {isa = PBXFileReference; lastKnownFileType = sourcecode.swift; path = BTableViewHeaderFooterView.swift; sourceTree = "<group>"; };
		92938400243337A600F138C7 /* MultipleCellTypesCollectionViewDataSource.swift */ = {isa = PBXFileReference; lastKnownFileType = sourcecode.swift; path = MultipleCellTypesCollectionViewDataSource.swift; sourceTree = "<group>"; };
		929384022433389400F138C7 /* BCollectionViewCell.swift */ = {isa = PBXFileReference; lastKnownFileType = sourcecode.swift; path = BCollectionViewCell.swift; sourceTree = "<group>"; };
		92938404243338B400F138C7 /* BCollectionViewCellModel.swift */ = {isa = PBXFileReference; lastKnownFileType = sourcecode.swift; path = BCollectionViewCellModel.swift; sourceTree = "<group>"; };
		92938406243339B600F138C7 /* MultipleSuplementaryViewTypesCollectionViewDataSource.swift */ = {isa = PBXFileReference; lastKnownFileType = sourcecode.swift; path = MultipleSuplementaryViewTypesCollectionViewDataSource.swift; sourceTree = "<group>"; };
		9293840924333A3100F138C7 /* ACollectionViewSupplementaryView.swift */ = {isa = PBXFileReference; lastKnownFileType = sourcecode.swift; path = ACollectionViewSupplementaryView.swift; sourceTree = "<group>"; };
		9293840B24333BDF00F138C7 /* ACollectionViewSupplementaryViewModel.swift */ = {isa = PBXFileReference; lastKnownFileType = sourcecode.swift; path = ACollectionViewSupplementaryViewModel.swift; sourceTree = "<group>"; };
		9293840D243340B400F138C7 /* BCollectionViewSupplementaryView.swift */ = {isa = PBXFileReference; lastKnownFileType = sourcecode.swift; path = BCollectionViewSupplementaryView.swift; sourceTree = "<group>"; };
		9293840F243340C000F138C7 /* BCollectionViewSupplementaryViewModel.swift */ = {isa = PBXFileReference; lastKnownFileType = sourcecode.swift; path = BCollectionViewSupplementaryViewModel.swift; sourceTree = "<group>"; };
		92943340240584030057D6CD /* MainViewControllerDataSource.swift */ = {isa = PBXFileReference; lastKnownFileType = sourcecode.swift; path = MainViewControllerDataSource.swift; sourceTree = "<group>"; };
		92EE79FB24332D6F00B01D52 /* CollectionViewContent.swift */ = {isa = PBXFileReference; lastKnownFileType = sourcecode.swift; path = CollectionViewContent.swift; sourceTree = "<group>"; };
		92EE79FD24332EE300B01D52 /* RegisterableView.swift */ = {isa = PBXFileReference; lastKnownFileType = sourcecode.swift; path = RegisterableView.swift; sourceTree = "<group>"; };
		92EE79FF24332FCB00B01D52 /* TableViewContent.swift */ = {isa = PBXFileReference; lastKnownFileType = sourcecode.swift; path = TableViewContent.swift; sourceTree = "<group>"; };
		92EE7A032433352900B01D52 /* ACollectionViewCell.swift */ = {isa = PBXFileReference; lastKnownFileType = sourcecode.swift; path = ACollectionViewCell.swift; sourceTree = "<group>"; };
		92EE7A052433354D00B01D52 /* ACollectionViewCellModel.swift */ = {isa = PBXFileReference; lastKnownFileType = sourcecode.swift; path = ACollectionViewCellModel.swift; sourceTree = "<group>"; };
		C02ED2EA2B8C06AFB1C640C4 /* Pods_CollectionModel_Tests.framework */ = {isa = PBXFileReference; explicitFileType = wrapper.framework; includeInIndex = 0; path = Pods_CollectionModel_Tests.framework; sourceTree = BUILT_PRODUCTS_DIR; };
		DDDB9D39D46C0C65A698CC15 /* Pods-CollectionModel_Tests.release.xcconfig */ = {isa = PBXFileReference; includeInIndex = 1; lastKnownFileType = text.xcconfig; name = "Pods-CollectionModel_Tests.release.xcconfig"; path = "Target Support Files/Pods-CollectionModel_Tests/Pods-CollectionModel_Tests.release.xcconfig"; sourceTree = "<group>"; };
/* End PBXFileReference section */

/* Begin PBXFrameworksBuildPhase section */
		607FACCD1AFB9204008FA782 /* Frameworks */ = {
			isa = PBXFrameworksBuildPhase;
			buildActionMask = 2147483647;
			files = (
				6706A6BDB4C3D396A44F8BCE /* Pods_CollectionModel_Example.framework in Frameworks */,
			);
			runOnlyForDeploymentPostprocessing = 0;
		};
		607FACE21AFB9204008FA782 /* Frameworks */ = {
			isa = PBXFrameworksBuildPhase;
			buildActionMask = 2147483647;
			files = (
				4A1868D529DFE359FC4AF211 /* Pods_CollectionModel_Tests.framework in Frameworks */,
			);
			runOnlyForDeploymentPostprocessing = 0;
		};
/* End PBXFrameworksBuildPhase section */

/* Begin PBXGroup section */
		607FACC71AFB9204008FA782 = {
			isa = PBXGroup;
			children = (
				607FACF51AFB993E008FA782 /* Podspec Metadata */,
				607FACD21AFB9204008FA782 /* Example for CollectionModel */,
				607FACE81AFB9204008FA782 /* Tests */,
				607FACD11AFB9204008FA782 /* Products */,
				9DE098BB8E7F019FB6080376 /* Pods */,
				AFB7C3F19CA66C9610497B84 /* Frameworks */,
			);
			sourceTree = "<group>";
		};
		607FACD11AFB9204008FA782 /* Products */ = {
			isa = PBXGroup;
			children = (
				607FACD01AFB9204008FA782 /* CollectionModel_Example.app */,
				607FACE51AFB9204008FA782 /* CollectionModel_Tests.xctest */,
			);
			name = Products;
			sourceTree = "<group>";
		};
		607FACD21AFB9204008FA782 /* Example for CollectionModel */ = {
			isa = PBXGroup;
			children = (
				607FACD51AFB9204008FA782 /* AppDelegate.swift */,
				927B9F1824096DB100AA4FD1 /* Shared */,
				9294333E2405835F0057D6CD /* MainViewController */,
				927DC4DD243C84FA004A3673 /* CollectionModelCore */,
				927DC4DE243C97DC004A3673 /* CollectionModelAnimation */,
				607FACDC1AFB9204008FA782 /* Images.xcassets */,
				607FACDE1AFB9204008FA782 /* LaunchScreen.xib */,
				607FACD31AFB9204008FA782 /* Supporting Files */,
			);
			name = "Example for CollectionModel";
			path = CollectionModel;
			sourceTree = "<group>";
		};
		607FACD31AFB9204008FA782 /* Supporting Files */ = {
			isa = PBXGroup;
			children = (
				607FACD41AFB9204008FA782 /* Info.plist */,
			);
			name = "Supporting Files";
			sourceTree = "<group>";
		};
		607FACE81AFB9204008FA782 /* Tests */ = {
			isa = PBXGroup;
			children = (
				607FACEB1AFB9204008FA782 /* CollectionViewModelDeclarativeFunctionBuilderTest.swift */,
				92317AE924FCF76E00392206 /* CollectionViewModelEntityFunctionBuilderTest.swift */,
				92317AEB24FCF93C00392206 /* TableViewModelEntityFunctionBuilderTest.swift */,
				92317AE624FCF0A800392206 /* TableViewModelDeclarativeFunctionBuilderTest.swift */,
				607FACE91AFB9204008FA782 /* Supporting Files */,
			);
			path = Tests;
			sourceTree = "<group>";
		};
		607FACE91AFB9204008FA782 /* Supporting Files */ = {
			isa = PBXGroup;
			children = (
				607FACEA1AFB9204008FA782 /* Info.plist */,
			);
			name = "Supporting Files";
			sourceTree = "<group>";
		};
		607FACF51AFB993E008FA782 /* Podspec Metadata */ = {
			isa = PBXGroup;
			children = (
				0C0C2CAF118D25F2DC9A164B /* CollectionModel.podspec */,
				703B9C877E9728146860AD24 /* README.md */,
				8180F99D8EBB89EF479440D9 /* LICENSE */,
			);
			name = "Podspec Metadata";
			sourceTree = "<group>";
		};
		92530994242E1129001875B3 /* CollectionViewController */ = {
			isa = PBXGroup;
			children = (
				92530995242E1148001875B3 /* CollectionViewController.swift */,
				92530999242E11E1001875B3 /* DataSource */,
			);
			name = CollectionViewController;
			sourceTree = "<group>";
		};
		92530999242E11E1001875B3 /* DataSource */ = {
			isa = PBXGroup;
			children = (
				9253099A242E11F6001875B3 /* SimpleCollectionViewDataSource.swift */,
				92938400243337A600F138C7 /* MultipleCellTypesCollectionViewDataSource.swift */,
				92938406243339B600F138C7 /* MultipleSuplementaryViewTypesCollectionViewDataSource.swift */,
			);
			name = DataSource;
			sourceTree = "<group>";
		};
		927B9F1824096DB100AA4FD1 /* Shared */ = {
			isa = PBXGroup;
			children = (
				9281A9A52417A2EF00F732AA /* SmoothDeselection.swift */,
				92EE79FD24332EE300B01D52 /* RegisterableView.swift */,
				92EE79FB24332D6F00B01D52 /* CollectionViewContent.swift */,
				92EE79FF24332FCB00B01D52 /* TableViewContent.swift */,
				927B9F1E240978E300AA4FD1 /* Layout */,
				92530997242E1168001875B3 /* EmptyInit.swift */,
			);
			name = Shared;
			sourceTree = "<group>";
		};
		927B9F1924096DB500AA4FD1 /* TableView */ = {
			isa = PBXGroup;
			children = (
				927B9F1B24096DBD00AA4FD1 /* HeaderFooter */,
				927B9F1A24096DB900AA4FD1 /* Cells */,
			);
			name = TableView;
			sourceTree = "<group>";
		};
		927B9F1A24096DB900AA4FD1 /* Cells */ = {
			isa = PBXGroup;
			children = (
				9281A9AD2417A93700F732AA /* ATableViewCell.swift */,
				9281A9AE2417A93700F732AA /* ATableViewCellModel.swift */,
				9281A9B12417ABA300F732AA /* BTableViewCell.swift */,
				9281A9B32417ABE200F732AA /* BTableViewCellModel.swift */,
			);
			name = Cells;
			sourceTree = "<group>";
		};
		927B9F1B24096DBD00AA4FD1 /* HeaderFooter */ = {
			isa = PBXGroup;
			children = (
				9281A9B92417B2BE00F732AA /* ATableViewHeaderFooterView.swift */,
				9281A9BB2417C58D00F732AA /* ATableViewHeaderFooterViewModel.swift */,
				9281A9BF2417C62300F732AA /* BTableViewHeaderFooterView.swift */,
				9281A9BD2417C61A00F732AA /* BTableViewHeaderFooterViewModel.swift */,
			);
			name = HeaderFooter;
			sourceTree = "<group>";
		};
		927B9F1E240978E300AA4FD1 /* Layout */ = {
			isa = PBXGroup;
			children = (
				927B9F1F240978F100AA4FD1 /* UIView+Layout.swift */,
				927B9F2124097C2500AA4FD1 /* UIEdgeInsets.swift */,
			);
			name = Layout;
			sourceTree = "<group>";
		};
		927DC4DD243C84FA004A3673 /* CollectionModelCore */ = {
			isa = PBXGroup;
			children = (
				927B9F1924096DB500AA4FD1 /* TableView */,
				92EE7A012433351000B01D52 /* CollectionView */,
				9281A9A72417A71500F732AA /* TableViewController */,
				92530994242E1129001875B3 /* CollectionViewController */,
			);
			name = CollectionModelCore;
			sourceTree = "<group>";
		};
		927DC4DE243C97DC004A3673 /* CollectionModelAnimation */ = {
			isa = PBXGroup;
			children = (
				927DC4EA243CBD1D004A3673 /* CollectionView */,
				927DC4E9243CBD11004A3673 /* TableView */,
			);
			name = CollectionModelAnimation;
			sourceTree = "<group>";
		};
		927DC4E9243CBD11004A3673 /* TableView */ = {
			isa = PBXGroup;
			children = (
				927DC4E1243C994F004A3673 /* AnimatedTableViewDataSource.swift */,
				927DC4E3243C99AF004A3673 /* AnimatableTableViewCell.swift */,
				927DC4E5243C9A58004A3673 /* AnimatableTableViewCellModel.swift */,
			);
			name = TableView;
			sourceTree = "<group>";
		};
		927DC4EA243CBD1D004A3673 /* CollectionView */ = {
			isa = PBXGroup;
			children = (
				927DC4EB243CBD34004A3673 /* AnimatedCollectionViewDataSource.swift */,
				927DC4ED243DF1BB004A3673 /* AnimatableCollectionViewCell.swift */,
				927DC4EF243DF1C9004A3673 /* AnimatableCollectionViewCellModel.swift */,
			);
			name = CollectionView;
			sourceTree = "<group>";
		};
		9281A9A72417A71500F732AA /* TableViewController */ = {
			isa = PBXGroup;
			children = (
				9281A9A82417A72700F732AA /* TableViewController.swift */,
				9281A9AA2417A8AF00F732AA /* DataSource */,
			);
			name = TableViewController;
			sourceTree = "<group>";
		};
		9281A9AA2417A8AF00F732AA /* DataSource */ = {
			isa = PBXGroup;
			children = (
				9281A9AB2417A8BD00F732AA /* SimpleTableViewDataSource.swift */,
				9281A9B52417ACE500F732AA /* MultipleCellTypesTableViewDataSource.swift */,
				9281A9B72417B23700F732AA /* MultipleHeaderFooterTypesTableViewDataSource.swift */,
			);
			name = DataSource;
			sourceTree = "<group>";
		};
		9293840824333A0000F138C7 /* SupplementaryView */ = {
			isa = PBXGroup;
			children = (
				9293840924333A3100F138C7 /* ACollectionViewSupplementaryView.swift */,
				9293840B24333BDF00F138C7 /* ACollectionViewSupplementaryViewModel.swift */,
				9293840D243340B400F138C7 /* BCollectionViewSupplementaryView.swift */,
				9293840F243340C000F138C7 /* BCollectionViewSupplementaryViewModel.swift */,
			);
			name = SupplementaryView;
			sourceTree = "<group>";
		};
		9294333E2405835F0057D6CD /* MainViewController */ = {
			isa = PBXGroup;
			children = (
				607FACD71AFB9204008FA782 /* MainViewController.swift */,
				92943340240584030057D6CD /* MainViewControllerDataSource.swift */,
			);
			name = MainViewController;
			sourceTree = "<group>";
		};
		92EE7A012433351000B01D52 /* CollectionView */ = {
			isa = PBXGroup;
			children = (
				9293840824333A0000F138C7 /* SupplementaryView */,
				92EE7A022433351D00B01D52 /* Cells */,
			);
			name = CollectionView;
			sourceTree = "<group>";
		};
		92EE7A022433351D00B01D52 /* Cells */ = {
			isa = PBXGroup;
			children = (
				92EE7A032433352900B01D52 /* ACollectionViewCell.swift */,
				92EE7A052433354D00B01D52 /* ACollectionViewCellModel.swift */,
				929384022433389400F138C7 /* BCollectionViewCell.swift */,
				92938404243338B400F138C7 /* BCollectionViewCellModel.swift */,
			);
			name = Cells;
			sourceTree = "<group>";
		};
		9DE098BB8E7F019FB6080376 /* Pods */ = {
			isa = PBXGroup;
			children = (
				14F8470438F99017BB5F5939 /* Pods-CollectionModel_Example.debug.xcconfig */,
				2909BF476FD2DBD49AD9963C /* Pods-CollectionModel_Example.release.xcconfig */,
				17BD14AAD5B3E6CB28550DCB /* Pods-CollectionModel_Tests.debug.xcconfig */,
				DDDB9D39D46C0C65A698CC15 /* Pods-CollectionModel_Tests.release.xcconfig */,
			);
			path = Pods;
			sourceTree = "<group>";
		};
		AFB7C3F19CA66C9610497B84 /* Frameworks */ = {
			isa = PBXGroup;
			children = (
				700DBCB10C0FE5C2C51D7FB7 /* Pods_CollectionModel_Example.framework */,
				C02ED2EA2B8C06AFB1C640C4 /* Pods_CollectionModel_Tests.framework */,
			);
			name = Frameworks;
			sourceTree = "<group>";
		};
/* End PBXGroup section */

/* Begin PBXNativeTarget section */
		607FACCF1AFB9204008FA782 /* CollectionModel_Example */ = {
			isa = PBXNativeTarget;
			buildConfigurationList = 607FACEF1AFB9204008FA782 /* Build configuration list for PBXNativeTarget "CollectionModel_Example" */;
			buildPhases = (
				CD64E53CBEFF27BDBEEA324B /* [CP] Check Pods Manifest.lock */,
				607FACCC1AFB9204008FA782 /* Sources */,
				607FACCD1AFB9204008FA782 /* Frameworks */,
				607FACCE1AFB9204008FA782 /* Resources */,
				0D5AF8235F4E31949CC0685A /* [CP] Embed Pods Frameworks */,
			);
			buildRules = (
			);
			dependencies = (
			);
			name = CollectionModel_Example;
			productName = CollectionModel;
			productReference = 607FACD01AFB9204008FA782 /* CollectionModel_Example.app */;
			productType = "com.apple.product-type.application";
		};
		607FACE41AFB9204008FA782 /* CollectionModel_Tests */ = {
			isa = PBXNativeTarget;
			buildConfigurationList = 607FACF21AFB9204008FA782 /* Build configuration list for PBXNativeTarget "CollectionModel_Tests" */;
			buildPhases = (
				59505682B179DFDDA2791FD1 /* [CP] Check Pods Manifest.lock */,
				607FACE11AFB9204008FA782 /* Sources */,
				607FACE21AFB9204008FA782 /* Frameworks */,
				607FACE31AFB9204008FA782 /* Resources */,
			);
			buildRules = (
			);
			dependencies = (
				607FACE71AFB9204008FA782 /* PBXTargetDependency */,
			);
			name = CollectionModel_Tests;
			productName = Tests;
			productReference = 607FACE51AFB9204008FA782 /* CollectionModel_Tests.xctest */;
			productType = "com.apple.product-type.bundle.unit-test";
		};
/* End PBXNativeTarget section */

/* Begin PBXProject section */
		607FACC81AFB9204008FA782 /* Project object */ = {
			isa = PBXProject;
			attributes = {
				LastSwiftUpdateCheck = 0830;
				LastUpgradeCheck = 0830;
				ORGANIZATIONNAME = CocoaPods;
				TargetAttributes = {
					607FACCF1AFB9204008FA782 = {
						CreatedOnToolsVersion = 6.3.1;
						DevelopmentTeam = KRW89C3W5M;
						LastSwiftMigration = 0900;
					};
					607FACE41AFB9204008FA782 = {
						CreatedOnToolsVersion = 6.3.1;
						DevelopmentTeam = KRW89C3W5M;
						LastSwiftMigration = 0900;
						TestTargetID = 607FACCF1AFB9204008FA782;
					};
				};
			};
			buildConfigurationList = 607FACCB1AFB9204008FA782 /* Build configuration list for PBXProject "CollectionModel" */;
			compatibilityVersion = "Xcode 3.2";
			developmentRegion = English;
			hasScannedForEncodings = 0;
			knownRegions = (
				English,
				en,
				Base,
			);
			mainGroup = 607FACC71AFB9204008FA782;
			productRefGroup = 607FACD11AFB9204008FA782 /* Products */;
			projectDirPath = "";
			projectRoot = "";
			targets = (
				607FACCF1AFB9204008FA782 /* CollectionModel_Example */,
				607FACE41AFB9204008FA782 /* CollectionModel_Tests */,
			);
		};
/* End PBXProject section */

/* Begin PBXResourcesBuildPhase section */
		607FACCE1AFB9204008FA782 /* Resources */ = {
			isa = PBXResourcesBuildPhase;
			buildActionMask = 2147483647;
			files = (
				607FACE01AFB9204008FA782 /* LaunchScreen.xib in Resources */,
				607FACDD1AFB9204008FA782 /* Images.xcassets in Resources */,
			);
			runOnlyForDeploymentPostprocessing = 0;
		};
		607FACE31AFB9204008FA782 /* Resources */ = {
			isa = PBXResourcesBuildPhase;
			buildActionMask = 2147483647;
			files = (
			);
			runOnlyForDeploymentPostprocessing = 0;
		};
/* End PBXResourcesBuildPhase section */

/* Begin PBXShellScriptBuildPhase section */
		0D5AF8235F4E31949CC0685A /* [CP] Embed Pods Frameworks */ = {
			isa = PBXShellScriptBuildPhase;
			buildActionMask = 2147483647;
			files = (
			);
			inputPaths = (
				"${PODS_ROOT}/Target Support Files/Pods-CollectionModel_Example/Pods-CollectionModel_Example-frameworks.sh",
				"${BUILT_PRODUCTS_DIR}/CollectionModelAnimation/CollectionModelAnimation.framework",
				"${BUILT_PRODUCTS_DIR}/CollectionModelCore/CollectionModelCore.framework",
				"${BUILT_PRODUCTS_DIR}/DifferenceKit/DifferenceKit.framework",
			);
			name = "[CP] Embed Pods Frameworks";
			outputPaths = (
				"${TARGET_BUILD_DIR}/${FRAMEWORKS_FOLDER_PATH}/CollectionModelAnimation.framework",
				"${TARGET_BUILD_DIR}/${FRAMEWORKS_FOLDER_PATH}/CollectionModelCore.framework",
				"${TARGET_BUILD_DIR}/${FRAMEWORKS_FOLDER_PATH}/DifferenceKit.framework",
			);
			runOnlyForDeploymentPostprocessing = 0;
			shellPath = /bin/sh;
			shellScript = "\"${PODS_ROOT}/Target Support Files/Pods-CollectionModel_Example/Pods-CollectionModel_Example-frameworks.sh\"\n";
			showEnvVarsInLog = 0;
		};
		59505682B179DFDDA2791FD1 /* [CP] Check Pods Manifest.lock */ = {
			isa = PBXShellScriptBuildPhase;
			buildActionMask = 2147483647;
			files = (
			);
			inputFileListPaths = (
			);
			inputPaths = (
				"${PODS_PODFILE_DIR_PATH}/Podfile.lock",
				"${PODS_ROOT}/Manifest.lock",
			);
			name = "[CP] Check Pods Manifest.lock";
			outputFileListPaths = (
			);
			outputPaths = (
				"$(DERIVED_FILE_DIR)/Pods-CollectionModel_Tests-checkManifestLockResult.txt",
			);
			runOnlyForDeploymentPostprocessing = 0;
			shellPath = /bin/sh;
			shellScript = "diff \"${PODS_PODFILE_DIR_PATH}/Podfile.lock\" \"${PODS_ROOT}/Manifest.lock\" > /dev/null\nif [ $? != 0 ] ; then\n    # print error to STDERR\n    echo \"error: The sandbox is not in sync with the Podfile.lock. Run 'pod install' or update your CocoaPods installation.\" >&2\n    exit 1\nfi\n# This output is used by Xcode 'outputs' to avoid re-running this script phase.\necho \"SUCCESS\" > \"${SCRIPT_OUTPUT_FILE_0}\"\n";
			showEnvVarsInLog = 0;
		};
		CD64E53CBEFF27BDBEEA324B /* [CP] Check Pods Manifest.lock */ = {
			isa = PBXShellScriptBuildPhase;
			buildActionMask = 2147483647;
			files = (
			);
			inputFileListPaths = (
			);
			inputPaths = (
				"${PODS_PODFILE_DIR_PATH}/Podfile.lock",
				"${PODS_ROOT}/Manifest.lock",
			);
			name = "[CP] Check Pods Manifest.lock";
			outputFileListPaths = (
			);
			outputPaths = (
				"$(DERIVED_FILE_DIR)/Pods-CollectionModel_Example-checkManifestLockResult.txt",
			);
			runOnlyForDeploymentPostprocessing = 0;
			shellPath = /bin/sh;
			shellScript = "diff \"${PODS_PODFILE_DIR_PATH}/Podfile.lock\" \"${PODS_ROOT}/Manifest.lock\" > /dev/null\nif [ $? != 0 ] ; then\n    # print error to STDERR\n    echo \"error: The sandbox is not in sync with the Podfile.lock. Run 'pod install' or update your CocoaPods installation.\" >&2\n    exit 1\nfi\n# This output is used by Xcode 'outputs' to avoid re-running this script phase.\necho \"SUCCESS\" > \"${SCRIPT_OUTPUT_FILE_0}\"\n";
			showEnvVarsInLog = 0;
		};
/* End PBXShellScriptBuildPhase section */

/* Begin PBXSourcesBuildPhase section */
		607FACCC1AFB9204008FA782 /* Sources */ = {
			isa = PBXSourcesBuildPhase;
			buildActionMask = 2147483647;
			files = (
				9253099B242E11F6001875B3 /* SimpleCollectionViewDataSource.swift in Sources */,
				927DC4E4243C99AF004A3673 /* AnimatableTableViewCell.swift in Sources */,
				927DC4EE243DF1BB004A3673 /* AnimatableCollectionViewCell.swift in Sources */,
				9293840E243340B400F138C7 /* BCollectionViewSupplementaryView.swift in Sources */,
				607FACD81AFB9204008FA782 /* MainViewController.swift in Sources */,
				9281A9AF2417A93700F732AA /* ATableViewCell.swift in Sources */,
				9281A9B42417ABE200F732AA /* BTableViewCellModel.swift in Sources */,
				92938407243339B600F138C7 /* MultipleSuplementaryViewTypesCollectionViewDataSource.swift in Sources */,
				9281A9A92417A72700F732AA /* TableViewController.swift in Sources */,
				92938401243337A600F138C7 /* MultipleCellTypesCollectionViewDataSource.swift in Sources */,
				9281A9AC2417A8BD00F732AA /* SimpleTableViewDataSource.swift in Sources */,
				607FACD61AFB9204008FA782 /* AppDelegate.swift in Sources */,
				92EE7A0024332FCB00B01D52 /* TableViewContent.swift in Sources */,
				929384032433389400F138C7 /* BCollectionViewCell.swift in Sources */,
				927B9F2224097C2500AA4FD1 /* UIEdgeInsets.swift in Sources */,
				9281A9BA2417B2BE00F732AA /* ATableViewHeaderFooterView.swift in Sources */,
				927DC4F0243DF1C9004A3673 /* AnimatableCollectionViewCellModel.swift in Sources */,
				927DC4E6243C9A58004A3673 /* AnimatableTableViewCellModel.swift in Sources */,
				927DC4E2243C994F004A3673 /* AnimatedTableViewDataSource.swift in Sources */,
				92938410243340C000F138C7 /* BCollectionViewSupplementaryViewModel.swift in Sources */,
				9281A9BC2417C58D00F732AA /* ATableViewHeaderFooterViewModel.swift in Sources */,
				9281A9A62417A2EF00F732AA /* SmoothDeselection.swift in Sources */,
				9281A9BE2417C61A00F732AA /* BTableViewHeaderFooterViewModel.swift in Sources */,
				92943341240584030057D6CD /* MainViewControllerDataSource.swift in Sources */,
				92530998242E1168001875B3 /* EmptyInit.swift in Sources */,
				92530996242E1148001875B3 /* CollectionViewController.swift in Sources */,
				9281A9B82417B23700F732AA /* MultipleHeaderFooterTypesTableViewDataSource.swift in Sources */,
				927DC4EC243CBD34004A3673 /* AnimatedCollectionViewDataSource.swift in Sources */,
				92EE79FC24332D6F00B01D52 /* CollectionViewContent.swift in Sources */,
				927B9F20240978F100AA4FD1 /* UIView+Layout.swift in Sources */,
				92938405243338B400F138C7 /* BCollectionViewCellModel.swift in Sources */,
				92EE7A062433354D00B01D52 /* ACollectionViewCellModel.swift in Sources */,
				9281A9C02417C62300F732AA /* BTableViewHeaderFooterView.swift in Sources */,
				92EE7A042433352900B01D52 /* ACollectionViewCell.swift in Sources */,
				9293840A24333A3100F138C7 /* ACollectionViewSupplementaryView.swift in Sources */,
				92EE79FE24332EE300B01D52 /* RegisterableView.swift in Sources */,
				9293840C24333BDF00F138C7 /* ACollectionViewSupplementaryViewModel.swift in Sources */,
				9281A9B22417ABA300F732AA /* BTableViewCell.swift in Sources */,
				9281A9B62417ACE500F732AA /* MultipleCellTypesTableViewDataSource.swift in Sources */,
				9281A9B02417A93700F732AA /* ATableViewCellModel.swift in Sources */,
			);
			runOnlyForDeploymentPostprocessing = 0;
		};
		607FACE11AFB9204008FA782 /* Sources */ = {
			isa = PBXSourcesBuildPhase;
			buildActionMask = 2147483647;
			files = (
				607FACEC1AFB9204008FA782 /* CollectionViewModelDeclarativeFunctionBuilderTest.swift in Sources */,
				92317AE824FCF0C700392206 /* TableViewModelDeclarativeFunctionBuilderTest.swift in Sources */,
				92317AEC24FCF93C00392206 /* TableViewModelEntityFunctionBuilderTest.swift in Sources */,
				92317AEA24FCF76E00392206 /* CollectionViewModelEntityFunctionBuilderTest.swift in Sources */,
			);
			runOnlyForDeploymentPostprocessing = 0;
		};
/* End PBXSourcesBuildPhase section */

/* Begin PBXTargetDependency section */
		607FACE71AFB9204008FA782 /* PBXTargetDependency */ = {
			isa = PBXTargetDependency;
			target = 607FACCF1AFB9204008FA782 /* CollectionModel_Example */;
			targetProxy = 607FACE61AFB9204008FA782 /* PBXContainerItemProxy */;
		};
/* End PBXTargetDependency section */

/* Begin PBXVariantGroup section */
		607FACDE1AFB9204008FA782 /* LaunchScreen.xib */ = {
			isa = PBXVariantGroup;
			children = (
				607FACDF1AFB9204008FA782 /* Base */,
			);
			name = LaunchScreen.xib;
			sourceTree = "<group>";
		};
/* End PBXVariantGroup section */

/* Begin XCBuildConfiguration section */
		607FACED1AFB9204008FA782 /* Debug */ = {
			isa = XCBuildConfiguration;
			buildSettings = {
				ALWAYS_SEARCH_USER_PATHS = NO;
				CLANG_CXX_LANGUAGE_STANDARD = "gnu++0x";
				CLANG_CXX_LIBRARY = "libc++";
				CLANG_ENABLE_MODULES = YES;
				CLANG_ENABLE_OBJC_ARC = YES;
				CLANG_WARN_BLOCK_CAPTURE_AUTORELEASING = YES;
				CLANG_WARN_BOOL_CONVERSION = YES;
				CLANG_WARN_COMMA = YES;
				CLANG_WARN_CONSTANT_CONVERSION = YES;
				CLANG_WARN_DIRECT_OBJC_ISA_USAGE = YES_ERROR;
				CLANG_WARN_EMPTY_BODY = YES;
				CLANG_WARN_ENUM_CONVERSION = YES;
				CLANG_WARN_INFINITE_RECURSION = YES;
				CLANG_WARN_INT_CONVERSION = YES;
				CLANG_WARN_NON_LITERAL_NULL_CONVERSION = YES;
				CLANG_WARN_OBJC_LITERAL_CONVERSION = YES;
				CLANG_WARN_OBJC_ROOT_CLASS = YES_ERROR;
				CLANG_WARN_RANGE_LOOP_ANALYSIS = YES;
				CLANG_WARN_STRICT_PROTOTYPES = YES;
				CLANG_WARN_SUSPICIOUS_MOVE = YES;
				CLANG_WARN_UNREACHABLE_CODE = YES;
				CLANG_WARN__DUPLICATE_METHOD_MATCH = YES;
				"CODE_SIGN_IDENTITY[sdk=iphoneos*]" = "iPhone Developer";
				COPY_PHASE_STRIP = NO;
				DEBUG_INFORMATION_FORMAT = "dwarf-with-dsym";
				ENABLE_STRICT_OBJC_MSGSEND = YES;
				ENABLE_TESTABILITY = YES;
				GCC_C_LANGUAGE_STANDARD = gnu99;
				GCC_DYNAMIC_NO_PIC = NO;
				GCC_NO_COMMON_BLOCKS = YES;
				GCC_OPTIMIZATION_LEVEL = 0;
				GCC_PREPROCESSOR_DEFINITIONS = (
					"DEBUG=1",
					"$(inherited)",
				);
				GCC_SYMBOLS_PRIVATE_EXTERN = NO;
				GCC_WARN_64_TO_32_BIT_CONVERSION = YES;
				GCC_WARN_ABOUT_RETURN_TYPE = YES_ERROR;
				GCC_WARN_UNDECLARED_SELECTOR = YES;
				GCC_WARN_UNINITIALIZED_AUTOS = YES_AGGRESSIVE;
				GCC_WARN_UNUSED_FUNCTION = YES;
				GCC_WARN_UNUSED_VARIABLE = YES;
				IPHONEOS_DEPLOYMENT_TARGET = 9.3;
				MTL_ENABLE_DEBUG_INFO = YES;
				ONLY_ACTIVE_ARCH = YES;
				SDKROOT = iphoneos;
				SWIFT_OPTIMIZATION_LEVEL = "-Onone";
			};
			name = Debug;
		};
		607FACEE1AFB9204008FA782 /* Release */ = {
			isa = XCBuildConfiguration;
			buildSettings = {
				ALWAYS_SEARCH_USER_PATHS = NO;
				CLANG_CXX_LANGUAGE_STANDARD = "gnu++0x";
				CLANG_CXX_LIBRARY = "libc++";
				CLANG_ENABLE_MODULES = YES;
				CLANG_ENABLE_OBJC_ARC = YES;
				CLANG_WARN_BLOCK_CAPTURE_AUTORELEASING = YES;
				CLANG_WARN_BOOL_CONVERSION = YES;
				CLANG_WARN_COMMA = YES;
				CLANG_WARN_CONSTANT_CONVERSION = YES;
				CLANG_WARN_DIRECT_OBJC_ISA_USAGE = YES_ERROR;
				CLANG_WARN_EMPTY_BODY = YES;
				CLANG_WARN_ENUM_CONVERSION = YES;
				CLANG_WARN_INFINITE_RECURSION = YES;
				CLANG_WARN_INT_CONVERSION = YES;
				CLANG_WARN_NON_LITERAL_NULL_CONVERSION = YES;
				CLANG_WARN_OBJC_LITERAL_CONVERSION = YES;
				CLANG_WARN_OBJC_ROOT_CLASS = YES_ERROR;
				CLANG_WARN_RANGE_LOOP_ANALYSIS = YES;
				CLANG_WARN_STRICT_PROTOTYPES = YES;
				CLANG_WARN_SUSPICIOUS_MOVE = YES;
				CLANG_WARN_UNREACHABLE_CODE = YES;
				CLANG_WARN__DUPLICATE_METHOD_MATCH = YES;
				"CODE_SIGN_IDENTITY[sdk=iphoneos*]" = "iPhone Developer";
				COPY_PHASE_STRIP = NO;
				DEBUG_INFORMATION_FORMAT = "dwarf-with-dsym";
				ENABLE_NS_ASSERTIONS = NO;
				ENABLE_STRICT_OBJC_MSGSEND = YES;
				GCC_C_LANGUAGE_STANDARD = gnu99;
				GCC_NO_COMMON_BLOCKS = YES;
				GCC_WARN_64_TO_32_BIT_CONVERSION = YES;
				GCC_WARN_ABOUT_RETURN_TYPE = YES_ERROR;
				GCC_WARN_UNDECLARED_SELECTOR = YES;
				GCC_WARN_UNINITIALIZED_AUTOS = YES_AGGRESSIVE;
				GCC_WARN_UNUSED_FUNCTION = YES;
				GCC_WARN_UNUSED_VARIABLE = YES;
				IPHONEOS_DEPLOYMENT_TARGET = 9.3;
				MTL_ENABLE_DEBUG_INFO = NO;
				SDKROOT = iphoneos;
				SWIFT_OPTIMIZATION_LEVEL = "-Owholemodule";
				VALIDATE_PRODUCT = YES;
			};
			name = Release;
		};
		607FACF01AFB9204008FA782 /* Debug */ = {
			isa = XCBuildConfiguration;
			baseConfigurationReference = 14F8470438F99017BB5F5939 /* Pods-CollectionModel_Example.debug.xcconfig */;
			buildSettings = {
				ASSETCATALOG_COMPILER_APPICON_NAME = AppIcon;
				DEVELOPMENT_TEAM = KRW89C3W5M;
				INFOPLIST_FILE = CollectionModel/Info.plist;
				IPHONEOS_DEPLOYMENT_TARGET = 10.3;
				LD_RUNPATH_SEARCH_PATHS = "$(inherited) @executable_path/Frameworks";
				MODULE_NAME = ExampleApp;
				PRODUCT_BUNDLE_IDENTIFIER = "org.cocoapods.demo.$(PRODUCT_NAME:rfc1034identifier)";
				PRODUCT_NAME = "$(TARGET_NAME)";
				SWIFT_SWIFT3_OBJC_INFERENCE = Default;
				SWIFT_VERSION = 4.0;
				TARGETED_DEVICE_FAMILY = 1;
			};
			name = Debug;
		};
		607FACF11AFB9204008FA782 /* Release */ = {
			isa = XCBuildConfiguration;
			baseConfigurationReference = 2909BF476FD2DBD49AD9963C /* Pods-CollectionModel_Example.release.xcconfig */;
			buildSettings = {
				ASSETCATALOG_COMPILER_APPICON_NAME = AppIcon;
				DEVELOPMENT_TEAM = KRW89C3W5M;
				INFOPLIST_FILE = CollectionModel/Info.plist;
				IPHONEOS_DEPLOYMENT_TARGET = 10.3;
				LD_RUNPATH_SEARCH_PATHS = "$(inherited) @executable_path/Frameworks";
				MODULE_NAME = ExampleApp;
				PRODUCT_BUNDLE_IDENTIFIER = "org.cocoapods.demo.$(PRODUCT_NAME:rfc1034identifier)";
				PRODUCT_NAME = "$(TARGET_NAME)";
				SWIFT_SWIFT3_OBJC_INFERENCE = Default;
				SWIFT_VERSION = 4.0;
				TARGETED_DEVICE_FAMILY = 1;
			};
			name = Release;
		};
		607FACF31AFB9204008FA782 /* Debug */ = {
			isa = XCBuildConfiguration;
			baseConfigurationReference = 17BD14AAD5B3E6CB28550DCB /* Pods-CollectionModel_Tests.debug.xcconfig */;
			buildSettings = {
				DEVELOPMENT_TEAM = KRW89C3W5M;
				FRAMEWORK_SEARCH_PATHS = (
					"$(PLATFORM_DIR)/Developer/Library/Frameworks",
					"$(inherited)",
				);
				GCC_PREPROCESSOR_DEFINITIONS = (
					"DEBUG=1",
					"$(inherited)",
				);
				INFOPLIST_FILE = Tests/Info.plist;
				LD_RUNPATH_SEARCH_PATHS = "$(inherited) @executable_path/Frameworks @loader_path/Frameworks";
				PRODUCT_BUNDLE_IDENTIFIER = "org.cocoapods.$(PRODUCT_NAME:rfc1034identifier)";
				PRODUCT_NAME = "$(TARGET_NAME)";
				SWIFT_SWIFT3_OBJC_INFERENCE = Default;
				SWIFT_VERSION = 4.0;
				TEST_HOST = "$(BUILT_PRODUCTS_DIR)/CollectionModel_Example.app/CollectionModel_Example";
			};
			name = Debug;
		};
		607FACF41AFB9204008FA782 /* Release */ = {
			isa = XCBuildConfiguration;
			baseConfigurationReference = DDDB9D39D46C0C65A698CC15 /* Pods-CollectionModel_Tests.release.xcconfig */;
			buildSettings = {
				DEVELOPMENT_TEAM = KRW89C3W5M;
				FRAMEWORK_SEARCH_PATHS = (
					"$(PLATFORM_DIR)/Developer/Library/Frameworks",
					"$(inherited)",
				);
				INFOPLIST_FILE = Tests/Info.plist;
				LD_RUNPATH_SEARCH_PATHS = "$(inherited) @executable_path/Frameworks @loader_path/Frameworks";
				PRODUCT_BUNDLE_IDENTIFIER = "org.cocoapods.$(PRODUCT_NAME:rfc1034identifier)";
				PRODUCT_NAME = "$(TARGET_NAME)";
				SWIFT_SWIFT3_OBJC_INFERENCE = Default;
				SWIFT_VERSION = 4.0;
				TEST_HOST = "$(BUILT_PRODUCTS_DIR)/CollectionModel_Example.app/CollectionModel_Example";
			};
			name = Release;
		};
/* End XCBuildConfiguration section */

/* Begin XCConfigurationList section */
		607FACCB1AFB9204008FA782 /* Build configuration list for PBXProject "CollectionModel" */ = {
			isa = XCConfigurationList;
			buildConfigurations = (
				607FACED1AFB9204008FA782 /* Debug */,
				607FACEE1AFB9204008FA782 /* Release */,
			);
			defaultConfigurationIsVisible = 0;
			defaultConfigurationName = Release;
		};
		607FACEF1AFB9204008FA782 /* Build configuration list for PBXNativeTarget "CollectionModel_Example" */ = {
			isa = XCConfigurationList;
			buildConfigurations = (
				607FACF01AFB9204008FA782 /* Debug */,
				607FACF11AFB9204008FA782 /* Release */,
			);
			defaultConfigurationIsVisible = 0;
			defaultConfigurationName = Release;
		};
		607FACF21AFB9204008FA782 /* Build configuration list for PBXNativeTarget "CollectionModel_Tests" */ = {
			isa = XCConfigurationList;
			buildConfigurations = (
				607FACF31AFB9204008FA782 /* Debug */,
				607FACF41AFB9204008FA782 /* Release */,
			);
			defaultConfigurationIsVisible = 0;
			defaultConfigurationName = Release;
		};
/* End XCConfigurationList section */
	};
	rootObject = 607FACC81AFB9204008FA782 /* Project object */;
}
